
Microsoft Visual Studio Solution File, Format Version 12.00
# Visual Studio Version 16
VisualStudioVersion = 16.0.31129.286
MinimumVisualStudioVersion = 10.0.40219.1
Project("{8BC9CEB8-8B4A-11D0-8D11-00A0C91BC942}") = "os", "os\os.vcxproj", "{1E984A1B-27F4-4FD3-BCFB-D247C3F974F9}"
EndProject
Global
	GlobalSection(SolutionConfigurationPlatforms) = preSolution
		Debug|x64 = Debug|x64
		Debug|x86 = Debug|x86
		Release|x64 = Release|x64
		Release|x86 = Release|x86
	EndGlobalSection
	GlobalSection(ProjectConfigurationPlatforms) = postSolution
		{1E984A1B-27F4-4FD3-BCFB-D247C3F974F9}.Debug|x64.ActiveCfg = Debug|x64
		{1E984A1B-27F4-4FD3-BCFB-D247C3F974F9}.Debug|x64.Build.0 = Debug|x64
		{1E984A1B-27F4-4FD3-BCFB-D247C3F974F9}.Debug|x86.ActiveCfg = Debug|Win32
		{1E984A1B-27F4-4FD3-BCFB-D247C3F974F9}.Debug|x86.Build.0 = Debug|Win32
		{1E984A1B-27F4-4FD3-BCFB-D247C3F974F9}.Release|x64.ActiveCfg = Release|x64
		{1E984A1B-27F4-4FD3-BCFB-D247C3F974F9}.Release|x64.Build.0 = Release|x64
		{1E984A1B-27F4-4FD3-BCFB-D247C3F974F9}.Release|x86.ActiveCfg = Release|Win32
		{1E984A1B-27F4-4FD3-BCFB-D247C3F974F9}.Release|x86.Build.0 = Release|Win32
	EndGlobalSection
	GlobalSection(SolutionProperties) = preSolution
		HideSolutionNode = FALSE
	EndGlobalSection
	GlobalSection(ExtensibilityGlobals) = postSolution
		SolutionGuid = {A17BBF15-AFD7-42EE-AF59-922331E98D94}
	EndGlobalSection
EndGlobal
